
Microsoft Visual Studio Solution File, Format Version 12.00
# Visual Studio 15
Project("{FAE04EC0-301F-11D3-BF4B-00C04F79EFBC}") = "Assembly-CSharp", "Assembly-CSharp.csproj", "{F06442D9-DA5A-946A-EF4B-274887B6E985}"
EndProject
Project("{FAE04EC0-301F-11D3-BF4B-00C04F79EFBC}") = "WorldBuildingRuntime", "WorldBuildingRuntime.csproj", "{D91BF843-2653-B41F-CA3A-A6874CF316E2}"
EndProject
Project("{FAE04EC0-301F-11D3-BF4B-00C04F79EFBC}") = "NavMeshComponents", "NavMeshComponents.csproj", "{6B346050-D8B6-8814-FBDC-9E32FFAC3478}"
EndProject
Project("{FAE04EC0-301F-11D3-BF4B-00C04F79EFBC}") = "SimpleSFXRuntime", "SimpleSFXRuntime.csproj", "{3B85B1B7-C366-1B11-D6F7-4A7C1C898075}"
EndProject
Project("{FAE04EC0-301F-11D3-BF4B-00C04F79EFBC}") = "Skybox3DRuntime", "Skybox3DRuntime.csproj", "{2CF65BF6-EC6A-00CF-AE7A-4EC4D9FBF4F3}"
EndProject
Project("{FAE04EC0-301F-11D3-BF4B-00C04F79EFBC}") = "Assembly-CSharp-Editor", "Assembly-CSharp-Editor.csproj", "{64AE7396-45C3-D1C2-8796-5FE035051CC0}"
EndProject
Project("{FAE04EC0-301F-11D3-BF4B-00C04F79EFBC}") = "NavMeshComponentsEditor", "NavMeshComponentsEditor.csproj", "{E788D702-149F-F384-1E18-B4A5111BFC43}"
EndProject
Project("{FAE04EC0-301F-11D3-BF4B-00C04F79EFBC}") = "PackageManagerCheck", "PackageManagerCheck.csproj", "{53FFF871-CA75-0515-5547-582E71EE85FD}"
EndProject
Global
	GlobalSection(SolutionConfigurationPlatforms) = preSolution
		Debug|Any CPU = Debug|Any CPU
		Release|Any CPU = Release|Any CPU
	EndGlobalSection
	GlobalSection(ProjectConfigurationPlatforms) = postSolution
		{F06442D9-DA5A-946A-EF4B-274887B6E985}.Debug|Any CPU.ActiveCfg = Debug|Any CPU
		{F06442D9-DA5A-946A-EF4B-274887B6E985}.Debug|Any CPU.Build.0 = Debug|Any CPU
		{F06442D9-DA5A-946A-EF4B-274887B6E985}.Release|Any CPU.ActiveCfg = Release|Any CPU
		{F06442D9-DA5A-946A-EF4B-274887B6E985}.Release|Any CPU.Build.0 = Release|Any CPU
		{D91BF843-2653-B41F-CA3A-A6874CF316E2}.Debug|Any CPU.ActiveCfg = Debug|Any CPU
		{D91BF843-2653-B41F-CA3A-A6874CF316E2}.Debug|Any CPU.Build.0 = Debug|Any CPU
		{D91BF843-2653-B41F-CA3A-A6874CF316E2}.Release|Any CPU.ActiveCfg = Release|Any CPU
		{D91BF843-2653-B41F-CA3A-A6874CF316E2}.Release|Any CPU.Build.0 = Release|Any CPU
		{6B346050-D8B6-8814-FBDC-9E32FFAC3478}.Debug|Any CPU.ActiveCfg = Debug|Any CPU
		{6B346050-D8B6-8814-FBDC-9E32FFAC3478}.Debug|Any CPU.Build.0 = Debug|Any CPU
		{6B346050-D8B6-8814-FBDC-9E32FFAC3478}.Release|Any CPU.ActiveCfg = Release|Any CPU
		{6B346050-D8B6-8814-FBDC-9E32FFAC3478}.Release|Any CPU.Build.0 = Release|Any CPU
		{3B85B1B7-C366-1B11-D6F7-4A7C1C898075}.Debug|Any CPU.ActiveCfg = Debug|Any CPU
		{3B85B1B7-C366-1B11-D6F7-4A7C1C898075}.Debug|Any CPU.Build.0 = Debug|Any CPU
		{3B85B1B7-C366-1B11-D6F7-4A7C1C898075}.Release|Any CPU.ActiveCfg = Release|Any CPU
		{3B85B1B7-C366-1B11-D6F7-4A7C1C898075}.Release|Any CPU.Build.0 = Release|Any CPU
		{2CF65BF6-EC6A-00CF-AE7A-4EC4D9FBF4F3}.Debug|Any CPU.ActiveCfg = Debug|Any CPU
		{2CF65BF6-EC6A-00CF-AE7A-4EC4D9FBF4F3}.Debug|Any CPU.Build.0 = Debug|Any CPU
		{2CF65BF6-EC6A-00CF-AE7A-4EC4D9FBF4F3}.Release|Any CPU.ActiveCfg = Release|Any CPU
		{2CF65BF6-EC6A-00CF-AE7A-4EC4D9FBF4F3}.Release|Any CPU.Build.0 = Release|Any CPU
		{64AE7396-45C3-D1C2-8796-5FE035051CC0}.Debug|Any CPU.ActiveCfg = Debug|Any CPU
		{64AE7396-45C3-D1C2-8796-5FE035051CC0}.Debug|Any CPU.Build.0 = Debug|Any CPU
		{64AE7396-45C3-D1C2-8796-5FE035051CC0}.Release|Any CPU.ActiveCfg = Release|Any CPU
		{64AE7396-45C3-D1C2-8796-5FE035051CC0}.Release|Any CPU.Build.0 = Release|Any CPU
		{E788D702-149F-F384-1E18-B4A5111BFC43}.Debug|Any CPU.ActiveCfg = Debug|Any CPU
		{E788D702-149F-F384-1E18-B4A5111BFC43}.Debug|Any CPU.Build.0 = Debug|Any CPU
		{E788D702-149F-F384-1E18-B4A5111BFC43}.Release|Any CPU.ActiveCfg = Release|Any CPU
		{E788D702-149F-F384-1E18-B4A5111BFC43}.Release|Any CPU.Build.0 = Release|Any CPU
		{53FFF871-CA75-0515-5547-582E71EE85FD}.Debug|Any CPU.ActiveCfg = Debug|Any CPU
		{53FFF871-CA75-0515-5547-582E71EE85FD}.Debug|Any CPU.Build.0 = Debug|Any CPU
		{53FFF871-CA75-0515-5547-582E71EE85FD}.Release|Any CPU.ActiveCfg = Release|Any CPU
		{53FFF871-CA75-0515-5547-582E71EE85FD}.Release|Any CPU.Build.0 = Release|Any CPU
	EndGlobalSection
	GlobalSection(SolutionProperties) = preSolution
		HideSolutionNode = FALSE
	EndGlobalSection
EndGlobal
